// !$*UTF8*$!
{
	archiveVersion = 1;
	classes = {
	};
	objectVersion = 52;
	objects = {

/* Begin PBXBuildFile section */
		A21B8DB724CA0F260032A295 /* EmptyStateView.swift in Sources */ = {isa = PBXBuildFile; fileRef = A21B8DB624CA0F260032A295 /* EmptyStateView.swift */; };
		A25E2C5324CBA6C000636CA0 /* APILayer in Frameworks */ = {isa = PBXBuildFile; productRef = A25E2C5224CBA6C000636CA0 /* APILayer */; };
		A25E2C5624CBA7A500636CA0 /* Photos.json in Resources */ = {isa = PBXBuildFile; fileRef = A25E2C5524CBA7A500636CA0 /* Photos.json */; };
		A2883E7124C912670047DC4B /* MovieListViewMock.swift in Sources */ = {isa = PBXBuildFile; fileRef = A2883E6B24C912670047DC4B /* MovieListViewMock.swift */; };
		A2883E7224C912670047DC4B /* MovieListInteractorOutputMock.swift in Sources */ = {isa = PBXBuildFile; fileRef = A2883E6C24C912670047DC4B /* MovieListInteractorOutputMock.swift */; };
		A2883E7324C912670047DC4B /* MovieListRouterMock.swift in Sources */ = {isa = PBXBuildFile; fileRef = A2883E6D24C912670047DC4B /* MovieListRouterMock.swift */; };
		A2883E7424C912670047DC4B /* MovieListPresenterMock.swift in Sources */ = {isa = PBXBuildFile; fileRef = A2883E6E24C912670047DC4B /* MovieListPresenterMock.swift */; };
		A2883E7524C912670047DC4B /* APIHTTPClientMock.swift in Sources */ = {isa = PBXBuildFile; fileRef = A2883E6F24C912670047DC4B /* APIHTTPClientMock.swift */; };
		A2883E7624C912670047DC4B /* MovieListInteractorMock.swift in Sources */ = {isa = PBXBuildFile; fileRef = A2883E7024C912670047DC4B /* MovieListInteractorMock.swift */; };
		A2883E7E24C9172E0047DC4B /* MovieListBuilderTestCase.swift in Sources */ = {isa = PBXBuildFile; fileRef = A2883E7B24C9172E0047DC4B /* MovieListBuilderTestCase.swift */; };
		A2883E7F24C9172E0047DC4B /* MovieListInteractorTestCase.swift in Sources */ = {isa = PBXBuildFile; fileRef = A2883E7C24C9172E0047DC4B /* MovieListInteractorTestCase.swift */; };
		A2883E8024C9172E0047DC4B /* MovieListPresenterTestCase.swift in Sources */ = {isa = PBXBuildFile; fileRef = A2883E7D24C9172E0047DC4B /* MovieListPresenterTestCase.swift */; };
		A2883E8324C918620047DC4B /* XCTestCase+Extensions.swift in Sources */ = {isa = PBXBuildFile; fileRef = A2883E8224C918620047DC4B /* XCTestCase+Extensions.swift */; };
		A293C9BA24C224F300602793 /* AppDelegate.swift in Sources */ = {isa = PBXBuildFile; fileRef = A293C9B924C224F300602793 /* AppDelegate.swift */; };
		A293C9BC24C224F300602793 /* SceneDelegate.swift in Sources */ = {isa = PBXBuildFile; fileRef = A293C9BB24C224F300602793 /* SceneDelegate.swift */; };
		A293C9C324C224F400602793 /* Assets.xcassets in Resources */ = {isa = PBXBuildFile; fileRef = A293C9C224C224F400602793 /* Assets.xcassets */; };
		A293C9C624C224F400602793 /* LaunchScreen.storyboard in Resources */ = {isa = PBXBuildFile; fileRef = A293C9C424C224F400602793 /* LaunchScreen.storyboard */; };
		A293C9DC24C224F400602793 /* MovieZooUITests.swift in Sources */ = {isa = PBXBuildFile; fileRef = A293C9DB24C224F400602793 /* MovieZooUITests.swift */; };
		A293C9EC24C2263000602793 /* movies.json in Resources */ = {isa = PBXBuildFile; fileRef = A293C9EB24C2263000602793 /* movies.json */; };
		A293C9F024C2265300602793 /* Movie.swift in Sources */ = {isa = PBXBuildFile; fileRef = A293C9EF24C2265300602793 /* Movie.swift */; };
		A293C9F924C227F800602793 /* Genre.swift in Sources */ = {isa = PBXBuildFile; fileRef = A293C9F824C227F800602793 /* Genre.swift */; };
		A293C9FB24C2282800602793 /* LocalDataManager.swift in Sources */ = {isa = PBXBuildFile; fileRef = A293C9FA24C2282800602793 /* LocalDataManager.swift */; };
		A293CA1024C22D3900602793 /* MovieList.storyboard in Resources */ = {isa = PBXBuildFile; fileRef = A293C9FF24C22D3900602793 /* MovieList.storyboard */; };
		A293CA1124C22D3900602793 /* MovieListViewController.swift in Sources */ = {isa = PBXBuildFile; fileRef = A293CA0024C22D3900602793 /* MovieListViewController.swift */; };
		A293CA1324C22D3900602793 /* MovieCell.swift in Sources */ = {isa = PBXBuildFile; fileRef = A293CA0224C22D3900602793 /* MovieCell.swift */; };
		A293CA1424C22D3900602793 /* MovieCell.xib in Resources */ = {isa = PBXBuildFile; fileRef = A293CA0324C22D3900602793 /* MovieCell.xib */; };
		A293CA1624C22D3900602793 /* MovieListPresenter.swift in Sources */ = {isa = PBXBuildFile; fileRef = A293CA0624C22D3900602793 /* MovieListPresenter.swift */; };
		A293CA1724C22D3900602793 /* MovieListModuleContracts.swift in Sources */ = {isa = PBXBuildFile; fileRef = A293CA0824C22D3900602793 /* MovieListModuleContracts.swift */; };
		A293CA1824C22D3900602793 /* MovieListRouter.swift in Sources */ = {isa = PBXBuildFile; fileRef = A293CA0A24C22D3900602793 /* MovieListRouter.swift */; };
		A293CA1B24C22D3900602793 /* MovieListInteractor.swift in Sources */ = {isa = PBXBuildFile; fileRef = A293CA0F24C22D3900602793 /* MovieListInteractor.swift */; };
		A293CA2A24C230E900602793 /* EmptyStateTheme.swift in Sources */ = {isa = PBXBuildFile; fileRef = A293CA2424C230E900602793 /* EmptyStateTheme.swift */; };
		A293CA2B24C230E900602793 /* EmptyErrorType.swift in Sources */ = {isa = PBXBuildFile; fileRef = A293CA2524C230E900602793 /* EmptyErrorType.swift */; };
		A293CA2C24C230E900602793 /* BaseContracts.swift in Sources */ = {isa = PBXBuildFile; fileRef = A293CA2624C230E900602793 /* BaseContracts.swift */; };
		A293CA2E24C230E900602793 /* BaseUIViewController.swift in Sources */ = {isa = PBXBuildFile; fileRef = A293CA2924C230E900602793 /* BaseUIViewController.swift */; };
		A293CA3C24C231E000602793 /* UIViewController+Extension.swift in Sources */ = {isa = PBXBuildFile; fileRef = A293CA3324C231E000602793 /* UIViewController+Extension.swift */; };
		A293CA3D24C231E000602793 /* UIButton+Extension.swift in Sources */ = {isa = PBXBuildFile; fileRef = A293CA3424C231E000602793 /* UIButton+Extension.swift */; };
		A293CA3F24C231E000602793 /* UIEdgeInset+Extension.swift in Sources */ = {isa = PBXBuildFile; fileRef = A293CA3624C231E000602793 /* UIEdgeInset+Extension.swift */; };
		A293CA4124C231E000602793 /* UIFont+Extension.swift in Sources */ = {isa = PBXBuildFile; fileRef = A293CA3824C231E000602793 /* UIFont+Extension.swift */; };
		A293CA4224C231E000602793 /* UINavigationBar+Extension.swift in Sources */ = {isa = PBXBuildFile; fileRef = A293CA3924C231E000602793 /* UINavigationBar+Extension.swift */; };
		A293CA4324C231E000602793 /* UIView+Extension.swift in Sources */ = {isa = PBXBuildFile; fileRef = A293CA3A24C231E000602793 /* UIView+Extension.swift */; };
		A2CF5CD224C674E400F4BF17 /* MovieDetail.storyboard in Resources */ = {isa = PBXBuildFile; fileRef = A2CF5CD124C674E400F4BF17 /* MovieDetail.storyboard */; };
		A2D0CDD724C249F7004D388A /* AppNavigationCordinator.swift in Sources */ = {isa = PBXBuildFile; fileRef = A2D0CDD624C249F7004D388A /* AppNavigationCordinator.swift */; };
		A2D0CDE324C24C78004D388A /* MovieSearchPresenter.swift in Sources */ = {isa = PBXBuildFile; fileRef = A2D0CDDA24C24C78004D388A /* MovieSearchPresenter.swift */; };
		A2D0CDE424C24C78004D388A /* MovieSearchContracts.swift in Sources */ = {isa = PBXBuildFile; fileRef = A2D0CDDC24C24C78004D388A /* MovieSearchContracts.swift */; };
		A2D0CDE524C24C78004D388A /* MovieSearchRouter.swift in Sources */ = {isa = PBXBuildFile; fileRef = A2D0CDDE24C24C78004D388A /* MovieSearchRouter.swift */; };
		A2D0CDE624C24C78004D388A /* MovieSearchInteractor.swift in Sources */ = {isa = PBXBuildFile; fileRef = A2D0CDE024C24C78004D388A /* MovieSearchInteractor.swift */; };
		A2D0CDE724C24C78004D388A /* MovieSearchResultViewController.swift in Sources */ = {isa = PBXBuildFile; fileRef = A2D0CDE224C24C78004D388A /* MovieSearchResultViewController.swift */; };
		A2D0CDEB24C2703E004D388A /* Image.swift in Sources */ = {isa = PBXBuildFile; fileRef = A2D0CDEA24C2703E004D388A /* Image.swift */; };
		A2D0CDF224C27419004D388A /* Montserrat-Medium.ttf in Resources */ = {isa = PBXBuildFile; fileRef = A2D0CDED24C27419004D388A /* Montserrat-Medium.ttf */; };
		A2D0CDF324C27419004D388A /* Montserrat-Light.ttf in Resources */ = {isa = PBXBuildFile; fileRef = A2D0CDEE24C27419004D388A /* Montserrat-Light.ttf */; };
		A2D0CDF424C27419004D388A /* Montserrat-Bold.ttf in Resources */ = {isa = PBXBuildFile; fileRef = A2D0CDEF24C27419004D388A /* Montserrat-Bold.ttf */; };
		A2D0CDF524C27419004D388A /* Montserrat-SemiBold.ttf in Resources */ = {isa = PBXBuildFile; fileRef = A2D0CDF024C27419004D388A /* Montserrat-SemiBold.ttf */; };
		A2D0CDF624C2741A004D388A /* Montserrat-Regular.ttf in Resources */ = {isa = PBXBuildFile; fileRef = A2D0CDF124C27419004D388A /* Montserrat-Regular.ttf */; };
		A2D0CDF824C32E34004D388A /* MovieSearchResultsSectionHeader.swift in Sources */ = {isa = PBXBuildFile; fileRef = A2D0CDF724C32E34004D388A /* MovieSearchResultsSectionHeader.swift */; };
		A2D0CE0924C3B79F004D388A /* MovieDetailRouter.swift in Sources */ = {isa = PBXBuildFile; fileRef = A2D0CDFB24C3B79E004D388A /* MovieDetailRouter.swift */; };
		A2D0CE0A24C3B79F004D388A /* MoviePhotoCollectionViewCell.swift in Sources */ = {isa = PBXBuildFile; fileRef = A2D0CDFD24C3B79E004D388A /* MoviePhotoCollectionViewCell.swift */; };
		A2D0CE0C24C3B79F004D388A /* MovieDetailViewController.swift in Sources */ = {isa = PBXBuildFile; fileRef = A2D0CDFF24C3B79E004D388A /* MovieDetailViewController.swift */; };
		A2D0CE0D24C3B79F004D388A /* MoviePhotoCollectionViewCell.xib in Resources */ = {isa = PBXBuildFile; fileRef = A2D0CE0024C3B79E004D388A /* MoviePhotoCollectionViewCell.xib */; };
		A2D0CE0E24C3B79F004D388A /* MovieDetailsContracts.swift in Sources */ = {isa = PBXBuildFile; fileRef = A2D0CE0224C3B79F004D388A /* MovieDetailsContracts.swift */; };
		A2D0CE0F24C3B79F004D388A /* MovieDetailInteractor.swift in Sources */ = {isa = PBXBuildFile; fileRef = A2D0CE0424C3B79F004D388A /* MovieDetailInteractor.swift */; };
		A2D0CE1024C3B79F004D388A /* MovieDetailViewModel.swift in Sources */ = {isa = PBXBuildFile; fileRef = A2D0CE0624C3B79F004D388A /* MovieDetailViewModel.swift */; };
		A2D0CE1124C3B79F004D388A /* MovieDetailPresenter.swift in Sources */ = {isa = PBXBuildFile; fileRef = A2D0CE0824C3B79F004D388A /* MovieDetailPresenter.swift */; };
		A2D0CE1324C3BF88004D388A /* FlickrPhoto.swift in Sources */ = {isa = PBXBuildFile; fileRef = A2D0CE1224C3BF88004D388A /* FlickrPhoto.swift */; };
/* End PBXBuildFile section */

/* Begin PBXContainerItemProxy section */
		A293C9CD24C224F400602793 /* PBXContainerItemProxy */ = {
			isa = PBXContainerItemProxy;
			containerPortal = A293C9AE24C224F300602793 /* Project object */;
			proxyType = 1;
			remoteGlobalIDString = A293C9B524C224F300602793;
			remoteInfo = MovieZoo;
		};
		A293C9D824C224F400602793 /* PBXContainerItemProxy */ = {
			isa = PBXContainerItemProxy;
			containerPortal = A293C9AE24C224F300602793 /* Project object */;
			proxyType = 1;
			remoteGlobalIDString = A293C9B524C224F300602793;
			remoteInfo = MovieZoo;
		};
/* End PBXContainerItemProxy section */

/* Begin PBXFileReference section */
		A21B8DB624CA0F260032A295 /* EmptyStateView.swift */ = {isa = PBXFileReference; lastKnownFileType = sourcecode.swift; path = EmptyStateView.swift; sourceTree = "<group>"; };
		A25E2C5524CBA7A500636CA0 /* Photos.json */ = {isa = PBXFileReference; fileEncoding = 4; lastKnownFileType = text.json; path = Photos.json; sourceTree = "<group>"; };
		A2883E6B24C912670047DC4B /* MovieListViewMock.swift */ = {isa = PBXFileReference; fileEncoding = 4; lastKnownFileType = sourcecode.swift; path = MovieListViewMock.swift; sourceTree = "<group>"; };
		A2883E6C24C912670047DC4B /* MovieListInteractorOutputMock.swift */ = {isa = PBXFileReference; fileEncoding = 4; lastKnownFileType = sourcecode.swift; path = MovieListInteractorOutputMock.swift; sourceTree = "<group>"; };
		A2883E6D24C912670047DC4B /* MovieListRouterMock.swift */ = {isa = PBXFileReference; fileEncoding = 4; lastKnownFileType = sourcecode.swift; path = MovieListRouterMock.swift; sourceTree = "<group>"; };
		A2883E6E24C912670047DC4B /* MovieListPresenterMock.swift */ = {isa = PBXFileReference; fileEncoding = 4; lastKnownFileType = sourcecode.swift; path = MovieListPresenterMock.swift; sourceTree = "<group>"; };
		A2883E6F24C912670047DC4B /* APIHTTPClientMock.swift */ = {isa = PBXFileReference; fileEncoding = 4; lastKnownFileType = sourcecode.swift; path = APIHTTPClientMock.swift; sourceTree = "<group>"; };
		A2883E7024C912670047DC4B /* MovieListInteractorMock.swift */ = {isa = PBXFileReference; fileEncoding = 4; lastKnownFileType = sourcecode.swift; path = MovieListInteractorMock.swift; sourceTree = "<group>"; };
		A2883E7B24C9172E0047DC4B /* MovieListBuilderTestCase.swift */ = {isa = PBXFileReference; fileEncoding = 4; lastKnownFileType = sourcecode.swift; path = MovieListBuilderTestCase.swift; sourceTree = "<group>"; };
		A2883E7C24C9172E0047DC4B /* MovieListInteractorTestCase.swift */ = {isa = PBXFileReference; fileEncoding = 4; lastKnownFileType = sourcecode.swift; path = MovieListInteractorTestCase.swift; sourceTree = "<group>"; };
		A2883E7D24C9172E0047DC4B /* MovieListPresenterTestCase.swift */ = {isa = PBXFileReference; fileEncoding = 4; lastKnownFileType = sourcecode.swift; path = MovieListPresenterTestCase.swift; sourceTree = "<group>"; };
		A2883E8224C918620047DC4B /* XCTestCase+Extensions.swift */ = {isa = PBXFileReference; lastKnownFileType = sourcecode.swift; path = "XCTestCase+Extensions.swift"; sourceTree = "<group>"; };
		A293C9B624C224F300602793 /* MovieZoo.app */ = {isa = PBXFileReference; explicitFileType = wrapper.application; includeInIndex = 0; path = MovieZoo.app; sourceTree = BUILT_PRODUCTS_DIR; };
		A293C9B924C224F300602793 /* AppDelegate.swift */ = {isa = PBXFileReference; lastKnownFileType = sourcecode.swift; path = AppDelegate.swift; sourceTree = "<group>"; };
		A293C9BB24C224F300602793 /* SceneDelegate.swift */ = {isa = PBXFileReference; lastKnownFileType = sourcecode.swift; path = SceneDelegate.swift; sourceTree = "<group>"; };
		A293C9C224C224F400602793 /* Assets.xcassets */ = {isa = PBXFileReference; lastKnownFileType = folder.assetcatalog; path = Assets.xcassets; sourceTree = "<group>"; };
		A293C9C524C224F400602793 /* Base */ = {isa = PBXFileReference; lastKnownFileType = file.storyboard; name = Base; path = Base.lproj/LaunchScreen.storyboard; sourceTree = "<group>"; };
		A293C9C724C224F400602793 /* Info.plist */ = {isa = PBXFileReference; lastKnownFileType = text.plist.xml; path = Info.plist; sourceTree = "<group>"; };
		A293C9CC24C224F400602793 /* MovieZooTests.xctest */ = {isa = PBXFileReference; explicitFileType = wrapper.cfbundle; includeInIndex = 0; path = MovieZooTests.xctest; sourceTree = BUILT_PRODUCTS_DIR; };
		A293C9D224C224F400602793 /* Info.plist */ = {isa = PBXFileReference; lastKnownFileType = text.plist.xml; path = Info.plist; sourceTree = "<group>"; };
		A293C9D724C224F400602793 /* MovieZooUITests.xctest */ = {isa = PBXFileReference; explicitFileType = wrapper.cfbundle; includeInIndex = 0; path = MovieZooUITests.xctest; sourceTree = BUILT_PRODUCTS_DIR; };
		A293C9DB24C224F400602793 /* MovieZooUITests.swift */ = {isa = PBXFileReference; lastKnownFileType = sourcecode.swift; path = MovieZooUITests.swift; sourceTree = "<group>"; };
		A293C9DD24C224F400602793 /* Info.plist */ = {isa = PBXFileReference; lastKnownFileType = text.plist.xml; path = Info.plist; sourceTree = "<group>"; };
		A293C9E924C2258B00602793 /* README.md */ = {isa = PBXFileReference; lastKnownFileType = net.daringfireball.markdown; path = README.md; sourceTree = "<group>"; };
		A293C9EB24C2263000602793 /* movies.json */ = {isa = PBXFileReference; fileEncoding = 4; lastKnownFileType = text.json; path = movies.json; sourceTree = "<group>"; };
		A293C9EF24C2265300602793 /* Movie.swift */ = {isa = PBXFileReference; lastKnownFileType = sourcecode.swift; path = Movie.swift; sourceTree = "<group>"; };
		A293C9F824C227F800602793 /* Genre.swift */ = {isa = PBXFileReference; lastKnownFileType = sourcecode.swift; path = Genre.swift; sourceTree = "<group>"; };
		A293C9FA24C2282800602793 /* LocalDataManager.swift */ = {isa = PBXFileReference; lastKnownFileType = sourcecode.swift; path = LocalDataManager.swift; sourceTree = "<group>"; };
		A293C9FF24C22D3900602793 /* MovieList.storyboard */ = {isa = PBXFileReference; fileEncoding = 4; lastKnownFileType = file.storyboard; path = MovieList.storyboard; sourceTree = "<group>"; };
		A293CA0024C22D3900602793 /* MovieListViewController.swift */ = {isa = PBXFileReference; fileEncoding = 4; lastKnownFileType = sourcecode.swift; path = MovieListViewController.swift; sourceTree = "<group>"; };
		A293CA0224C22D3900602793 /* MovieCell.swift */ = {isa = PBXFileReference; fileEncoding = 4; lastKnownFileType = sourcecode.swift; path = MovieCell.swift; sourceTree = "<group>"; };
		A293CA0324C22D3900602793 /* MovieCell.xib */ = {isa = PBXFileReference; fileEncoding = 4; lastKnownFileType = file.xib; path = MovieCell.xib; sourceTree = "<group>"; };
		A293CA0624C22D3900602793 /* MovieListPresenter.swift */ = {isa = PBXFileReference; fileEncoding = 4; lastKnownFileType = sourcecode.swift; path = MovieListPresenter.swift; sourceTree = "<group>"; };
		A293CA0824C22D3900602793 /* MovieListModuleContracts.swift */ = {isa = PBXFileReference; fileEncoding = 4; lastKnownFileType = sourcecode.swift; path = MovieListModuleContracts.swift; sourceTree = "<group>"; };
		A293CA0A24C22D3900602793 /* MovieListRouter.swift */ = {isa = PBXFileReference; fileEncoding = 4; lastKnownFileType = sourcecode.swift; path = MovieListRouter.swift; sourceTree = "<group>"; };
		A293CA0F24C22D3900602793 /* MovieListInteractor.swift */ = {isa = PBXFileReference; fileEncoding = 4; lastKnownFileType = sourcecode.swift; path = MovieListInteractor.swift; sourceTree = "<group>"; };
		A293CA2424C230E900602793 /* EmptyStateTheme.swift */ = {isa = PBXFileReference; fileEncoding = 4; lastKnownFileType = sourcecode.swift; path = EmptyStateTheme.swift; sourceTree = "<group>"; };
		A293CA2524C230E900602793 /* EmptyErrorType.swift */ = {isa = PBXFileReference; fileEncoding = 4; lastKnownFileType = sourcecode.swift; path = EmptyErrorType.swift; sourceTree = "<group>"; };
		A293CA2624C230E900602793 /* BaseContracts.swift */ = {isa = PBXFileReference; fileEncoding = 4; lastKnownFileType = sourcecode.swift; path = BaseContracts.swift; sourceTree = "<group>"; };
		A293CA2924C230E900602793 /* BaseUIViewController.swift */ = {isa = PBXFileReference; fileEncoding = 4; lastKnownFileType = sourcecode.swift; path = BaseUIViewController.swift; sourceTree = "<group>"; };
		A293CA3324C231E000602793 /* UIViewController+Extension.swift */ = {isa = PBXFileReference; fileEncoding = 4; lastKnownFileType = sourcecode.swift; path = "UIViewController+Extension.swift"; sourceTree = "<group>"; };
		A293CA3424C231E000602793 /* UIButton+Extension.swift */ = {isa = PBXFileReference; fileEncoding = 4; lastKnownFileType = sourcecode.swift; path = "UIButton+Extension.swift"; sourceTree = "<group>"; };
		A293CA3624C231E000602793 /* UIEdgeInset+Extension.swift */ = {isa = PBXFileReference; fileEncoding = 4; lastKnownFileType = sourcecode.swift; path = "UIEdgeInset+Extension.swift"; sourceTree = "<group>"; };
		A293CA3824C231E000602793 /* UIFont+Extension.swift */ = {isa = PBXFileReference; fileEncoding = 4; lastKnownFileType = sourcecode.swift; path = "UIFont+Extension.swift"; sourceTree = "<group>"; };
		A293CA3924C231E000602793 /* UINavigationBar+Extension.swift */ = {isa = PBXFileReference; fileEncoding = 4; lastKnownFileType = sourcecode.swift; path = "UINavigationBar+Extension.swift"; sourceTree = "<group>"; };
		A293CA3A24C231E000602793 /* UIView+Extension.swift */ = {isa = PBXFileReference; fileEncoding = 4; lastKnownFileType = sourcecode.swift; path = "UIView+Extension.swift"; sourceTree = "<group>"; };
		A2CF5CD124C674E400F4BF17 /* MovieDetail.storyboard */ = {isa = PBXFileReference; fileEncoding = 4; lastKnownFileType = file.storyboard; path = MovieDetail.storyboard; sourceTree = "<group>"; };
		A2D0CDD624C249F7004D388A /* AppNavigationCordinator.swift */ = {isa = PBXFileReference; lastKnownFileType = sourcecode.swift; path = AppNavigationCordinator.swift; sourceTree = "<group>"; };
		A2D0CDDA24C24C78004D388A /* MovieSearchPresenter.swift */ = {isa = PBXFileReference; fileEncoding = 4; lastKnownFileType = sourcecode.swift; path = MovieSearchPresenter.swift; sourceTree = "<group>"; };
		A2D0CDDC24C24C78004D388A /* MovieSearchContracts.swift */ = {isa = PBXFileReference; fileEncoding = 4; lastKnownFileType = sourcecode.swift; path = MovieSearchContracts.swift; sourceTree = "<group>"; };
		A2D0CDDE24C24C78004D388A /* MovieSearchRouter.swift */ = {isa = PBXFileReference; fileEncoding = 4; lastKnownFileType = sourcecode.swift; path = MovieSearchRouter.swift; sourceTree = "<group>"; };
		A2D0CDE024C24C78004D388A /* MovieSearchInteractor.swift */ = {isa = PBXFileReference; fileEncoding = 4; lastKnownFileType = sourcecode.swift; path = MovieSearchInteractor.swift; sourceTree = "<group>"; };
		A2D0CDE224C24C78004D388A /* MovieSearchResultViewController.swift */ = {isa = PBXFileReference; fileEncoding = 4; lastKnownFileType = sourcecode.swift; path = MovieSearchResultViewController.swift; sourceTree = "<group>"; };
		A2D0CDEA24C2703E004D388A /* Image.swift */ = {isa = PBXFileReference; lastKnownFileType = sourcecode.swift; path = Image.swift; sourceTree = "<group>"; };
		A2D0CDED24C27419004D388A /* Montserrat-Medium.ttf */ = {isa = PBXFileReference; lastKnownFileType = file; path = "Montserrat-Medium.ttf"; sourceTree = "<group>"; };
		A2D0CDEE24C27419004D388A /* Montserrat-Light.ttf */ = {isa = PBXFileReference; lastKnownFileType = file; path = "Montserrat-Light.ttf"; sourceTree = "<group>"; };
		A2D0CDEF24C27419004D388A /* Montserrat-Bold.ttf */ = {isa = PBXFileReference; lastKnownFileType = file; path = "Montserrat-Bold.ttf"; sourceTree = "<group>"; };
		A2D0CDF024C27419004D388A /* Montserrat-SemiBold.ttf */ = {isa = PBXFileReference; lastKnownFileType = file; path = "Montserrat-SemiBold.ttf"; sourceTree = "<group>"; };
		A2D0CDF124C27419004D388A /* Montserrat-Regular.ttf */ = {isa = PBXFileReference; lastKnownFileType = file; path = "Montserrat-Regular.ttf"; sourceTree = "<group>"; };
		A2D0CDF724C32E34004D388A /* MovieSearchResultsSectionHeader.swift */ = {isa = PBXFileReference; lastKnownFileType = sourcecode.swift; path = MovieSearchResultsSectionHeader.swift; sourceTree = "<group>"; };
		A2D0CDFB24C3B79E004D388A /* MovieDetailRouter.swift */ = {isa = PBXFileReference; fileEncoding = 4; lastKnownFileType = sourcecode.swift; path = MovieDetailRouter.swift; sourceTree = "<group>"; };
		A2D0CDFD24C3B79E004D388A /* MoviePhotoCollectionViewCell.swift */ = {isa = PBXFileReference; fileEncoding = 4; lastKnownFileType = sourcecode.swift; path = MoviePhotoCollectionViewCell.swift; sourceTree = "<group>"; };
		A2D0CDFF24C3B79E004D388A /* MovieDetailViewController.swift */ = {isa = PBXFileReference; fileEncoding = 4; lastKnownFileType = sourcecode.swift; path = MovieDetailViewController.swift; sourceTree = "<group>"; };
		A2D0CE0024C3B79E004D388A /* MoviePhotoCollectionViewCell.xib */ = {isa = PBXFileReference; fileEncoding = 4; lastKnownFileType = file.xib; path = MoviePhotoCollectionViewCell.xib; sourceTree = "<group>"; };
		A2D0CE0224C3B79F004D388A /* MovieDetailsContracts.swift */ = {isa = PBXFileReference; fileEncoding = 4; lastKnownFileType = sourcecode.swift; path = MovieDetailsContracts.swift; sourceTree = "<group>"; };
		A2D0CE0424C3B79F004D388A /* MovieDetailInteractor.swift */ = {isa = PBXFileReference; fileEncoding = 4; lastKnownFileType = sourcecode.swift; path = MovieDetailInteractor.swift; sourceTree = "<group>"; };
		A2D0CE0624C3B79F004D388A /* MovieDetailViewModel.swift */ = {isa = PBXFileReference; fileEncoding = 4; lastKnownFileType = sourcecode.swift; path = MovieDetailViewModel.swift; sourceTree = "<group>"; };
		A2D0CE0824C3B79F004D388A /* MovieDetailPresenter.swift */ = {isa = PBXFileReference; fileEncoding = 4; lastKnownFileType = sourcecode.swift; path = MovieDetailPresenter.swift; sourceTree = "<group>"; };
		A2D0CE1224C3BF88004D388A /* FlickrPhoto.swift */ = {isa = PBXFileReference; lastKnownFileType = sourcecode.swift; path = FlickrPhoto.swift; sourceTree = "<group>"; };
/* End PBXFileReference section */

/* Begin PBXFrameworksBuildPhase section */
		A293C9B324C224F300602793 /* Frameworks */ = {
			isa = PBXFrameworksBuildPhase;
			buildActionMask = 2147483647;
			files = (
				A25E2C5324CBA6C000636CA0 /* APILayer in Frameworks */,
			);
			runOnlyForDeploymentPostprocessing = 0;
		};
		A293C9C924C224F400602793 /* Frameworks */ = {
			isa = PBXFrameworksBuildPhase;
			buildActionMask = 2147483647;
			files = (
			);
			runOnlyForDeploymentPostprocessing = 0;
		};
		A293C9D424C224F400602793 /* Frameworks */ = {
			isa = PBXFrameworksBuildPhase;
			buildActionMask = 2147483647;
			files = (
			);
			runOnlyForDeploymentPostprocessing = 0;
		};
/* End PBXFrameworksBuildPhase section */

/* Begin PBXGroup section */
		A21B8DB824CA0F990032A295 /* EmptyStateView */ = {
			isa = PBXGroup;
			children = (
				A293CA2524C230E900602793 /* EmptyErrorType.swift */,
				A293CA2424C230E900602793 /* EmptyStateTheme.swift */,
				A21B8DB624CA0F260032A295 /* EmptyStateView.swift */,
			);
			path = EmptyStateView;
			sourceTree = "<group>";
		};
		A25E2C5424CBA79200636CA0 /* stubs */ = {
			isa = PBXGroup;
			children = (
				A25E2C5524CBA7A500636CA0 /* Photos.json */,
			);
			path = stubs;
			sourceTree = "<group>";
		};
		A2883E6A24C912670047DC4B /* Mocks */ = {
			isa = PBXGroup;
			children = (
				A2883E6B24C912670047DC4B /* MovieListViewMock.swift */,
				A2883E6C24C912670047DC4B /* MovieListInteractorOutputMock.swift */,
				A2883E6D24C912670047DC4B /* MovieListRouterMock.swift */,
				A2883E6E24C912670047DC4B /* MovieListPresenterMock.swift */,
				A2883E6F24C912670047DC4B /* APIHTTPClientMock.swift */,
				A2883E7024C912670047DC4B /* MovieListInteractorMock.swift */,
			);
			path = Mocks;
			sourceTree = "<group>";
		};
		A2883E7A24C9171A0047DC4B /* Modules */ = {
			isa = PBXGroup;
			children = (
				A2883E8B24C92B2F0047DC4B /* MovieList */,
			);
			path = Modules;
			sourceTree = "<group>";
		};
		A2883E8124C9184F0047DC4B /* Extensions */ = {
			isa = PBXGroup;
			children = (
				A2883E8224C918620047DC4B /* XCTestCase+Extensions.swift */,
			);
			path = Extensions;
			sourceTree = "<group>";
		};
		A2883E8B24C92B2F0047DC4B /* MovieList */ = {
			isa = PBXGroup;
			children = (
				A2883E7B24C9172E0047DC4B /* MovieListBuilderTestCase.swift */,
				A2883E7C24C9172E0047DC4B /* MovieListInteractorTestCase.swift */,
				A2883E7D24C9172E0047DC4B /* MovieListPresenterTestCase.swift */,
			);
			path = MovieList;
			sourceTree = "<group>";
		};
		A293C9AD24C224F300602793 = {
			isa = PBXGroup;
			children = (
				A293C9E924C2258B00602793 /* README.md */,
				A293C9B824C224F300602793 /* MovieZoo */,
				A293C9CF24C224F400602793 /* MovieZooTests */,
				A293C9DA24C224F400602793 /* MovieZooUITests */,
				A293C9B724C224F300602793 /* Products */,
			);
			sourceTree = "<group>";
		};
		A293C9B724C224F300602793 /* Products */ = {
			isa = PBXGroup;
			children = (
				A293C9B624C224F300602793 /* MovieZoo.app */,
				A293C9CC24C224F400602793 /* MovieZooTests.xctest */,
				A293C9D724C224F400602793 /* MovieZooUITests.xctest */,
			);
			name = Products;
			sourceTree = "<group>";
		};
		A293C9B824C224F300602793 /* MovieZoo */ = {
			isa = PBXGroup;
			children = (
				A293CA4424C2320D00602793 /* Layers */,
				A293C9FC24C22D0200602793 /* Modules */,
				A293C9EA24C2261B00602793 /* Resources */,
				A293C9B924C224F300602793 /* AppDelegate.swift */,
				A2D0CDD624C249F7004D388A /* AppNavigationCordinator.swift */,
				A293C9BB24C224F300602793 /* SceneDelegate.swift */,
				A293C9C224C224F400602793 /* Assets.xcassets */,
				A293C9C424C224F400602793 /* LaunchScreen.storyboard */,
				A293C9C724C224F400602793 /* Info.plist */,
			);
			path = MovieZoo;
			sourceTree = "<group>";
		};
		A293C9CF24C224F400602793 /* MovieZooTests */ = {
			isa = PBXGroup;
			children = (
				A25E2C5424CBA79200636CA0 /* stubs */,
				A2883E7A24C9171A0047DC4B /* Modules */,
				A2883E8124C9184F0047DC4B /* Extensions */,
				A2883E6A24C912670047DC4B /* Mocks */,
				A293C9D224C224F400602793 /* Info.plist */,
			);
			path = MovieZooTests;
			sourceTree = "<group>";
		};
		A293C9DA24C224F400602793 /* MovieZooUITests */ = {
			isa = PBXGroup;
			children = (
				A293C9DB24C224F400602793 /* MovieZooUITests.swift */,
				A293C9DD24C224F400602793 /* Info.plist */,
			);
			path = MovieZooUITests;
			sourceTree = "<group>";
		};
		A293C9EA24C2261B00602793 /* Resources */ = {
			isa = PBXGroup;
			children = (
				A2D0CDEA24C2703E004D388A /* Image.swift */,
				A2D0CDEC24C27419004D388A /* Fonts */,
				A293C9EB24C2263000602793 /* movies.json */,
			);
			path = Resources;
			sourceTree = "<group>";
		};
		A293C9ED24C2264000602793 /* Data */ = {
			isa = PBXGroup;
			children = (
				A293C9F124C2270500602793 /* Data Management */,
				A293C9EE24C2264500602793 /* Model */,
			);
			path = Data;
			sourceTree = "<group>";
		};
		A293C9EE24C2264500602793 /* Model */ = {
			isa = PBXGroup;
			children = (
				A293C9EF24C2265300602793 /* Movie.swift */,
				A293C9F824C227F800602793 /* Genre.swift */,
				A2D0CE1224C3BF88004D388A /* FlickrPhoto.swift */,
			);
			path = Model;
			sourceTree = "<group>";
		};
		A293C9F124C2270500602793 /* Data Management */ = {
			isa = PBXGroup;
			children = (
				A293C9FA24C2282800602793 /* LocalDataManager.swift */,
			);
			path = "Data Management";
			sourceTree = "<group>";
		};
		A293C9FC24C22D0200602793 /* Modules */ = {
			isa = PBXGroup;
			children = (
				A293CA1C24C2301200602793 /* Base */,
				A293C9FD24C22D0800602793 /* Movie List */,
				A2D0CDD824C24C53004D388A /* Movie Search */,
				A2D0CDF924C3B76D004D388A /* Movie Details */,
			);
			path = Modules;
			sourceTree = "<group>";
		};
		A293C9FD24C22D0800602793 /* Movie List */ = {
			isa = PBXGroup;
			children = (
				A293CA0724C22D3900602793 /* Contracts */,
				A293CA0E24C22D3900602793 /* Interactor */,
				A293CA0524C22D3900602793 /* Presenter */,
				A293CA0924C22D3900602793 /* Router */,
				A293C9FE24C22D3900602793 /* View */,
			);
			path = "Movie List";
			sourceTree = "<group>";
		};
		A293C9FE24C22D3900602793 /* View */ = {
			isa = PBXGroup;
			children = (
				A293CA0024C22D3900602793 /* MovieListViewController.swift */,
				A293C9FF24C22D3900602793 /* MovieList.storyboard */,
				A293CA0224C22D3900602793 /* MovieCell.swift */,
				A293CA0324C22D3900602793 /* MovieCell.xib */,
			);
			path = View;
			sourceTree = "<group>";
		};
		A293CA0524C22D3900602793 /* Presenter */ = {
			isa = PBXGroup;
			children = (
				A293CA0624C22D3900602793 /* MovieListPresenter.swift */,
			);
			path = Presenter;
			sourceTree = "<group>";
		};
		A293CA0724C22D3900602793 /* Contracts */ = {
			isa = PBXGroup;
			children = (
				A293CA0824C22D3900602793 /* MovieListModuleContracts.swift */,
			);
			path = Contracts;
			sourceTree = "<group>";
		};
		A293CA0924C22D3900602793 /* Router */ = {
			isa = PBXGroup;
			children = (
				A293CA0A24C22D3900602793 /* MovieListRouter.swift */,
			);
			path = Router;
			sourceTree = "<group>";
		};
		A293CA0E24C22D3900602793 /* Interactor */ = {
			isa = PBXGroup;
			children = (
				A293CA0F24C22D3900602793 /* MovieListInteractor.swift */,
			);
			path = Interactor;
			sourceTree = "<group>";
		};
		A293CA1C24C2301200602793 /* Base */ = {
			isa = PBXGroup;
			children = (
				A21B8DB824CA0F990032A295 /* EmptyStateView */,
				A293CA2624C230E900602793 /* BaseContracts.swift */,
				A293CA2924C230E900602793 /* BaseUIViewController.swift */,
			);
			path = Base;
			sourceTree = "<group>";
		};
		A293CA2F24C2312400602793 /* Extensions */ = {
			isa = PBXGroup;
			children = (
				A293CA3424C231E000602793 /* UIButton+Extension.swift */,
				A293CA3624C231E000602793 /* UIEdgeInset+Extension.swift */,
				A293CA3824C231E000602793 /* UIFont+Extension.swift */,
				A293CA3924C231E000602793 /* UINavigationBar+Extension.swift */,
				A293CA3A24C231E000602793 /* UIView+Extension.swift */,
				A293CA3324C231E000602793 /* UIViewController+Extension.swift */,
			);
			path = Extensions;
			sourceTree = "<group>";
		};
		A293CA4424C2320D00602793 /* Layers */ = {
			isa = PBXGroup;
			children = (
				A293C9ED24C2264000602793 /* Data */,
				A293CA2F24C2312400602793 /* Extensions */,
			);
			path = Layers;
			sourceTree = "<group>";
		};
		A2D0CDD824C24C53004D388A /* Movie Search */ = {
			isa = PBXGroup;
			children = (
				A2D0CDDB24C24C78004D388A /* Contracts */,
				A2D0CDDF24C24C78004D388A /* Interactor */,
				A2D0CDD924C24C78004D388A /* Presenter */,
				A2D0CDDD24C24C78004D388A /* Router */,
				A2D0CDE124C24C78004D388A /* View */,
			);
			path = "Movie Search";
			sourceTree = "<group>";
		};
		A2D0CDD924C24C78004D388A /* Presenter */ = {
			isa = PBXGroup;
			children = (
				A2D0CDDA24C24C78004D388A /* MovieSearchPresenter.swift */,
			);
			path = Presenter;
			sourceTree = "<group>";
		};
		A2D0CDDB24C24C78004D388A /* Contracts */ = {
			isa = PBXGroup;
			children = (
				A2D0CDDC24C24C78004D388A /* MovieSearchContracts.swift */,
			);
			path = Contracts;
			sourceTree = "<group>";
		};
		A2D0CDDD24C24C78004D388A /* Router */ = {
			isa = PBXGroup;
			children = (
				A2D0CDDE24C24C78004D388A /* MovieSearchRouter.swift */,
			);
			path = Router;
			sourceTree = "<group>";
		};
		A2D0CDDF24C24C78004D388A /* Interactor */ = {
			isa = PBXGroup;
			children = (
				A2D0CDE024C24C78004D388A /* MovieSearchInteractor.swift */,
			);
			path = Interactor;
			sourceTree = "<group>";
		};
		A2D0CDE124C24C78004D388A /* View */ = {
			isa = PBXGroup;
			children = (
				A2D0CDE224C24C78004D388A /* MovieSearchResultViewController.swift */,
				A2D0CDF724C32E34004D388A /* MovieSearchResultsSectionHeader.swift */,
			);
			path = View;
			sourceTree = "<group>";
		};
		A2D0CDEC24C27419004D388A /* Fonts */ = {
			isa = PBXGroup;
			children = (
				A2D0CDED24C27419004D388A /* Montserrat-Medium.ttf */,
				A2D0CDEE24C27419004D388A /* Montserrat-Light.ttf */,
				A2D0CDEF24C27419004D388A /* Montserrat-Bold.ttf */,
				A2D0CDF024C27419004D388A /* Montserrat-SemiBold.ttf */,
				A2D0CDF124C27419004D388A /* Montserrat-Regular.ttf */,
			);
			path = Fonts;
			sourceTree = "<group>";
		};
		A2D0CDF924C3B76D004D388A /* Movie Details */ = {
			isa = PBXGroup;
			children = (
				A2D0CE0124C3B79F004D388A /* Contracts */,
				A2D0CE0324C3B79F004D388A /* Interactor */,
				A2D0CE0724C3B79F004D388A /* Presenter */,
				A2D0CDFA24C3B79E004D388A /* Router */,
				A2D0CDFC24C3B79E004D388A /* View */,
				A2D0CE0524C3B79F004D388A /* View Model */,
			);
			path = "Movie Details";
			sourceTree = "<group>";
		};
		A2D0CDFA24C3B79E004D388A /* Router */ = {
			isa = PBXGroup;
			children = (
				A2D0CDFB24C3B79E004D388A /* MovieDetailRouter.swift */,
			);
			path = Router;
			sourceTree = "<group>";
		};
		A2D0CDFC24C3B79E004D388A /* View */ = {
			isa = PBXGroup;
			children = (
				A2CF5CD124C674E400F4BF17 /* MovieDetail.storyboard */,
				A2D0CDFF24C3B79E004D388A /* MovieDetailViewController.swift */,
				A2D0CDFD24C3B79E004D388A /* MoviePhotoCollectionViewCell.swift */,
				A2D0CE0024C3B79E004D388A /* MoviePhotoCollectionViewCell.xib */,
			);
			path = View;
			sourceTree = "<group>";
		};
		A2D0CE0124C3B79F004D388A /* Contracts */ = {
			isa = PBXGroup;
			children = (
				A2D0CE0224C3B79F004D388A /* MovieDetailsContracts.swift */,
			);
			path = Contracts;
			sourceTree = "<group>";
		};
		A2D0CE0324C3B79F004D388A /* Interactor */ = {
			isa = PBXGroup;
			children = (
				A2D0CE0424C3B79F004D388A /* MovieDetailInteractor.swift */,
			);
			path = Interactor;
			sourceTree = "<group>";
		};
		A2D0CE0524C3B79F004D388A /* View Model */ = {
			isa = PBXGroup;
			children = (
				A2D0CE0624C3B79F004D388A /* MovieDetailViewModel.swift */,
			);
			path = "View Model";
			sourceTree = "<group>";
		};
		A2D0CE0724C3B79F004D388A /* Presenter */ = {
			isa = PBXGroup;
			children = (
				A2D0CE0824C3B79F004D388A /* MovieDetailPresenter.swift */,
			);
			path = Presenter;
			sourceTree = "<group>";
		};
/* End PBXGroup section */

/* Begin PBXNativeTarget section */
		A293C9B524C224F300602793 /* MovieZoo */ = {
			isa = PBXNativeTarget;
			buildConfigurationList = A293C9E024C224F400602793 /* Build configuration list for PBXNativeTarget "MovieZoo" */;
			buildPhases = (
				A293C9B224C224F300602793 /* Sources */,
				A293C9B324C224F300602793 /* Frameworks */,
				A293C9B424C224F300602793 /* Resources */,
			);
			buildRules = (
			);
			dependencies = (
			);
			name = MovieZoo;
			packageProductDependencies = (
				A25E2C5224CBA6C000636CA0 /* APILayer */,
			);
			productName = MovieZoo;
			productReference = A293C9B624C224F300602793 /* MovieZoo.app */;
			productType = "com.apple.product-type.application";
		};
		A293C9CB24C224F400602793 /* MovieZooTests */ = {
			isa = PBXNativeTarget;
			buildConfigurationList = A293C9E324C224F400602793 /* Build configuration list for PBXNativeTarget "MovieZooTests" */;
			buildPhases = (
				A293C9C824C224F400602793 /* Sources */,
				A293C9C924C224F400602793 /* Frameworks */,
				A293C9CA24C224F400602793 /* Resources */,
			);
			buildRules = (
			);
			dependencies = (
				A293C9CE24C224F400602793 /* PBXTargetDependency */,
			);
			name = MovieZooTests;
			productName = MovieZooTests;
			productReference = A293C9CC24C224F400602793 /* MovieZooTests.xctest */;
			productType = "com.apple.product-type.bundle.unit-test";
		};
		A293C9D624C224F400602793 /* MovieZooUITests */ = {
			isa = PBXNativeTarget;
			buildConfigurationList = A293C9E624C224F400602793 /* Build configuration list for PBXNativeTarget "MovieZooUITests" */;
			buildPhases = (
				A293C9D324C224F400602793 /* Sources */,
				A293C9D424C224F400602793 /* Frameworks */,
				A293C9D524C224F400602793 /* Resources */,
			);
			buildRules = (
			);
			dependencies = (
				A293C9D924C224F400602793 /* PBXTargetDependency */,
			);
			name = MovieZooUITests;
			productName = MovieZooUITests;
			productReference = A293C9D724C224F400602793 /* MovieZooUITests.xctest */;
			productType = "com.apple.product-type.bundle.ui-testing";
		};
/* End PBXNativeTarget section */

/* Begin PBXProject section */
		A293C9AE24C224F300602793 /* Project object */ = {
			isa = PBXProject;
			attributes = {
				LastSwiftUpdateCheck = 1150;
				LastUpgradeCheck = 1150;
				ORGANIZATIONNAME = "Mohammed ELMeseery";
				TargetAttributes = {
					A293C9B524C224F300602793 = {
						CreatedOnToolsVersion = 11.5;
					};
					A293C9CB24C224F400602793 = {
						CreatedOnToolsVersion = 11.5;
						TestTargetID = A293C9B524C224F300602793;
					};
					A293C9D624C224F400602793 = {
						CreatedOnToolsVersion = 11.5;
						TestTargetID = A293C9B524C224F300602793;
					};
				};
			};
			buildConfigurationList = A293C9B124C224F300602793 /* Build configuration list for PBXProject "MovieZoo" */;
			compatibilityVersion = "Xcode 9.3";
			developmentRegion = en;
			hasScannedForEncodings = 0;
			knownRegions = (
				en,
				Base,
			);
			mainGroup = A293C9AD24C224F300602793;
			packageReferences = (
				A25E2C5124CBA6C000636CA0 /* XCRemoteSwiftPackageReference "APILayer" */,
			);
			productRefGroup = A293C9B724C224F300602793 /* Products */;
			projectDirPath = "";
			projectRoot = "";
			targets = (
				A293C9B524C224F300602793 /* MovieZoo */,
				A293C9CB24C224F400602793 /* MovieZooTests */,
				A293C9D624C224F400602793 /* MovieZooUITests */,
			);
		};
/* End PBXProject section */

/* Begin PBXResourcesBuildPhase section */
		A293C9B424C224F300602793 /* Resources */ = {
			isa = PBXResourcesBuildPhase;
			buildActionMask = 2147483647;
			files = (
				A2CF5CD224C674E400F4BF17 /* MovieDetail.storyboard in Resources */,
				A2D0CDF324C27419004D388A /* Montserrat-Light.ttf in Resources */,
				A293C9EC24C2263000602793 /* movies.json in Resources */,
				A2D0CE0D24C3B79F004D388A /* MoviePhotoCollectionViewCell.xib in Resources */,
				A293C9C624C224F400602793 /* LaunchScreen.storyboard in Resources */,
				A293C9C324C224F400602793 /* Assets.xcassets in Resources */,
				A2D0CDF424C27419004D388A /* Montserrat-Bold.ttf in Resources */,
				A293CA1024C22D3900602793 /* MovieList.storyboard in Resources */,
				A2D0CDF524C27419004D388A /* Montserrat-SemiBold.ttf in Resources */,
				A2D0CDF224C27419004D388A /* Montserrat-Medium.ttf in Resources */,
				A2D0CDF624C2741A004D388A /* Montserrat-Regular.ttf in Resources */,
				A293CA1424C22D3900602793 /* MovieCell.xib in Resources */,
			);
			runOnlyForDeploymentPostprocessing = 0;
		};
		A293C9CA24C224F400602793 /* Resources */ = {
			isa = PBXResourcesBuildPhase;
			buildActionMask = 2147483647;
			files = (
				A25E2C5624CBA7A500636CA0 /* Photos.json in Resources */,
			);
			runOnlyForDeploymentPostprocessing = 0;
		};
		A293C9D524C224F400602793 /* Resources */ = {
			isa = PBXResourcesBuildPhase;
			buildActionMask = 2147483647;
			files = (
			);
			runOnlyForDeploymentPostprocessing = 0;
		};
/* End PBXResourcesBuildPhase section */

/* Begin PBXSourcesBuildPhase section */
		A293C9B224C224F300602793 /* Sources */ = {
			isa = PBXSourcesBuildPhase;
			buildActionMask = 2147483647;
			files = (
				A293CA4324C231E000602793 /* UIView+Extension.swift in Sources */,
				A2D0CE0A24C3B79F004D388A /* MoviePhotoCollectionViewCell.swift in Sources */,
				A2D0CE0E24C3B79F004D388A /* MovieDetailsContracts.swift in Sources */,
				A293CA4224C231E000602793 /* UINavigationBar+Extension.swift in Sources */,
				A293C9BA24C224F300602793 /* AppDelegate.swift in Sources */,
				A2D0CDE424C24C78004D388A /* MovieSearchContracts.swift in Sources */,
				A2D0CDE624C24C78004D388A /* MovieSearchInteractor.swift in Sources */,
				A293CA4124C231E000602793 /* UIFont+Extension.swift in Sources */,
				A2D0CDD724C249F7004D388A /* AppNavigationCordinator.swift in Sources */,
				A2D0CE1024C3B79F004D388A /* MovieDetailViewModel.swift in Sources */,
				A293CA2A24C230E900602793 /* EmptyStateTheme.swift in Sources */,
				A2D0CDEB24C2703E004D388A /* Image.swift in Sources */,
				A2D0CDE524C24C78004D388A /* MovieSearchRouter.swift in Sources */,
				A293CA3F24C231E000602793 /* UIEdgeInset+Extension.swift in Sources */,
				A293CA2C24C230E900602793 /* BaseContracts.swift in Sources */,
				A2D0CDF824C32E34004D388A /* MovieSearchResultsSectionHeader.swift in Sources */,
				A293CA2E24C230E900602793 /* BaseUIViewController.swift in Sources */,
				A2D0CDE724C24C78004D388A /* MovieSearchResultViewController.swift in Sources */,
				A2D0CE0F24C3B79F004D388A /* MovieDetailInteractor.swift in Sources */,
				A2D0CE0924C3B79F004D388A /* MovieDetailRouter.swift in Sources */,
				A21B8DB724CA0F260032A295 /* EmptyStateView.swift in Sources */,
				A293CA1324C22D3900602793 /* MovieCell.swift in Sources */,
				A293C9FB24C2282800602793 /* LocalDataManager.swift in Sources */,
				A293CA1B24C22D3900602793 /* MovieListInteractor.swift in Sources */,
				A293CA3C24C231E000602793 /* UIViewController+Extension.swift in Sources */,
				A2D0CE1324C3BF88004D388A /* FlickrPhoto.swift in Sources */,
				A2D0CE1124C3B79F004D388A /* MovieDetailPresenter.swift in Sources */,
				A293C9BC24C224F300602793 /* SceneDelegate.swift in Sources */,
				A293CA2B24C230E900602793 /* EmptyErrorType.swift in Sources */,
				A293CA1124C22D3900602793 /* MovieListViewController.swift in Sources */,
				A293CA1824C22D3900602793 /* MovieListRouter.swift in Sources */,
				A293CA1724C22D3900602793 /* MovieListModuleContracts.swift in Sources */,
				A2D0CE0C24C3B79F004D388A /* MovieDetailViewController.swift in Sources */,
				A293C9F024C2265300602793 /* Movie.swift in Sources */,
				A293CA1624C22D3900602793 /* MovieListPresenter.swift in Sources */,
				A293CA3D24C231E000602793 /* UIButton+Extension.swift in Sources */,
				A293C9F924C227F800602793 /* Genre.swift in Sources */,
				A2D0CDE324C24C78004D388A /* MovieSearchPresenter.swift in Sources */,
			);
			runOnlyForDeploymentPostprocessing = 0;
		};
		A293C9C824C224F400602793 /* Sources */ = {
			isa = PBXSourcesBuildPhase;
			buildActionMask = 2147483647;
			files = (
				A2883E7E24C9172E0047DC4B /* MovieListBuilderTestCase.swift in Sources */,
				A2883E8324C918620047DC4B /* XCTestCase+Extensions.swift in Sources */,
				A2883E7124C912670047DC4B /* MovieListViewMock.swift in Sources */,
				A2883E7224C912670047DC4B /* MovieListInteractorOutputMock.swift in Sources */,
				A2883E8024C9172E0047DC4B /* MovieListPresenterTestCase.swift in Sources */,
				A2883E7424C912670047DC4B /* MovieListPresenterMock.swift in Sources */,
				A2883E7324C912670047DC4B /* MovieListRouterMock.swift in Sources */,
				A2883E7524C912670047DC4B /* APIHTTPClientMock.swift in Sources */,
				A2883E7624C912670047DC4B /* MovieListInteractorMock.swift in Sources */,
				A2883E7F24C9172E0047DC4B /* MovieListInteractorTestCase.swift in Sources */,
			);
			runOnlyForDeploymentPostprocessing = 0;
		};
		A293C9D324C224F400602793 /* Sources */ = {
			isa = PBXSourcesBuildPhase;
			buildActionMask = 2147483647;
			files = (
				A293C9DC24C224F400602793 /* MovieZooUITests.swift in Sources */,
			);
			runOnlyForDeploymentPostprocessing = 0;
		};
/* End PBXSourcesBuildPhase section */

/* Begin PBXTargetDependency section */
		A293C9CE24C224F400602793 /* PBXTargetDependency */ = {
			isa = PBXTargetDependency;
			target = A293C9B524C224F300602793 /* MovieZoo */;
			targetProxy = A293C9CD24C224F400602793 /* PBXContainerItemProxy */;
		};
		A293C9D924C224F400602793 /* PBXTargetDependency */ = {
			isa = PBXTargetDependency;
			target = A293C9B524C224F300602793 /* MovieZoo */;
			targetProxy = A293C9D824C224F400602793 /* PBXContainerItemProxy */;
		};
/* End PBXTargetDependency section */

/* Begin PBXVariantGroup section */
		A293C9C424C224F400602793 /* LaunchScreen.storyboard */ = {
			isa = PBXVariantGroup;
			children = (
				A293C9C524C224F400602793 /* Base */,
			);
			name = LaunchScreen.storyboard;
			sourceTree = "<group>";
		};
/* End PBXVariantGroup section */

/* Begin XCBuildConfiguration section */
		A293C9DE24C224F400602793 /* Debug */ = {
			isa = XCBuildConfiguration;
			buildSettings = {
				ALWAYS_SEARCH_USER_PATHS = NO;
				CLANG_ANALYZER_NONNULL = YES;
				CLANG_ANALYZER_NUMBER_OBJECT_CONVERSION = YES_AGGRESSIVE;
				CLANG_CXX_LANGUAGE_STANDARD = "gnu++14";
				CLANG_CXX_LIBRARY = "libc++";
				CLANG_ENABLE_MODULES = YES;
				CLANG_ENABLE_OBJC_ARC = YES;
				CLANG_ENABLE_OBJC_WEAK = YES;
				CLANG_WARN_BLOCK_CAPTURE_AUTORELEASING = YES;
				CLANG_WARN_BOOL_CONVERSION = YES;
				CLANG_WARN_COMMA = YES;
				CLANG_WARN_CONSTANT_CONVERSION = YES;
				CLANG_WARN_DEPRECATED_OBJC_IMPLEMENTATIONS = YES;
				CLANG_WARN_DIRECT_OBJC_ISA_USAGE = YES_ERROR;
				CLANG_WARN_DOCUMENTATION_COMMENTS = YES;
				CLANG_WARN_EMPTY_BODY = YES;
				CLANG_WARN_ENUM_CONVERSION = YES;
				CLANG_WARN_INFINITE_RECURSION = YES;
				CLANG_WARN_INT_CONVERSION = YES;
				CLANG_WARN_NON_LITERAL_NULL_CONVERSION = YES;
				CLANG_WARN_OBJC_IMPLICIT_RETAIN_SELF = YES;
				CLANG_WARN_OBJC_LITERAL_CONVERSION = YES;
				CLANG_WARN_OBJC_ROOT_CLASS = YES_ERROR;
				CLANG_WARN_RANGE_LOOP_ANALYSIS = YES;
				CLANG_WARN_STRICT_PROTOTYPES = YES;
				CLANG_WARN_SUSPICIOUS_MOVE = YES;
				CLANG_WARN_UNGUARDED_AVAILABILITY = YES_AGGRESSIVE;
				CLANG_WARN_UNREACHABLE_CODE = YES;
				CLANG_WARN__DUPLICATE_METHOD_MATCH = YES;
				COPY_PHASE_STRIP = NO;
				DEBUG_INFORMATION_FORMAT = dwarf;
				ENABLE_STRICT_OBJC_MSGSEND = YES;
				ENABLE_TESTABILITY = YES;
				GCC_C_LANGUAGE_STANDARD = gnu11;
				GCC_DYNAMIC_NO_PIC = NO;
				GCC_NO_COMMON_BLOCKS = YES;
				GCC_OPTIMIZATION_LEVEL = 0;
				GCC_PREPROCESSOR_DEFINITIONS = (
					"DEBUG=1",
					"$(inherited)",
				);
				GCC_WARN_64_TO_32_BIT_CONVERSION = YES;
				GCC_WARN_ABOUT_RETURN_TYPE = YES_ERROR;
				GCC_WARN_UNDECLARED_SELECTOR = YES;
				GCC_WARN_UNINITIALIZED_AUTOS = YES_AGGRESSIVE;
				GCC_WARN_UNUSED_FUNCTION = YES;
				GCC_WARN_UNUSED_VARIABLE = YES;
				IPHONEOS_DEPLOYMENT_TARGET = 13.5;
				MTL_ENABLE_DEBUG_INFO = INCLUDE_SOURCE;
				MTL_FAST_MATH = YES;
				ONLY_ACTIVE_ARCH = YES;
				SDKROOT = iphoneos;
				SWIFT_ACTIVE_COMPILATION_CONDITIONS = DEBUG;
				SWIFT_OPTIMIZATION_LEVEL = "-Onone";
			};
			name = Debug;
		};
		A293C9DF24C224F400602793 /* Release */ = {
			isa = XCBuildConfiguration;
			buildSettings = {
				ALWAYS_SEARCH_USER_PATHS = NO;
				CLANG_ANALYZER_NONNULL = YES;
				CLANG_ANALYZER_NUMBER_OBJECT_CONVERSION = YES_AGGRESSIVE;
				CLANG_CXX_LANGUAGE_STANDARD = "gnu++14";
				CLANG_CXX_LIBRARY = "libc++";
				CLANG_ENABLE_MODULES = YES;
				CLANG_ENABLE_OBJC_ARC = YES;
				CLANG_ENABLE_OBJC_WEAK = YES;
				CLANG_WARN_BLOCK_CAPTURE_AUTORELEASING = YES;
				CLANG_WARN_BOOL_CONVERSION = YES;
				CLANG_WARN_COMMA = YES;
				CLANG_WARN_CONSTANT_CONVERSION = YES;
				CLANG_WARN_DEPRECATED_OBJC_IMPLEMENTATIONS = YES;
				CLANG_WARN_DIRECT_OBJC_ISA_USAGE = YES_ERROR;
				CLANG_WARN_DOCUMENTATION_COMMENTS = YES;
				CLANG_WARN_EMPTY_BODY = YES;
				CLANG_WARN_ENUM_CONVERSION = YES;
				CLANG_WARN_INFINITE_RECURSION = YES;
				CLANG_WARN_INT_CONVERSION = YES;
				CLANG_WARN_NON_LITERAL_NULL_CONVERSION = YES;
				CLANG_WARN_OBJC_IMPLICIT_RETAIN_SELF = YES;
				CLANG_WARN_OBJC_LITERAL_CONVERSION = YES;
				CLANG_WARN_OBJC_ROOT_CLASS = YES_ERROR;
				CLANG_WARN_RANGE_LOOP_ANALYSIS = YES;
				CLANG_WARN_STRICT_PROTOTYPES = YES;
				CLANG_WARN_SUSPICIOUS_MOVE = YES;
				CLANG_WARN_UNGUARDED_AVAILABILITY = YES_AGGRESSIVE;
				CLANG_WARN_UNREACHABLE_CODE = YES;
				CLANG_WARN__DUPLICATE_METHOD_MATCH = YES;
				COPY_PHASE_STRIP = NO;
				DEBUG_INFORMATION_FORMAT = "dwarf-with-dsym";
				ENABLE_NS_ASSERTIONS = NO;
				ENABLE_STRICT_OBJC_MSGSEND = YES;
				GCC_C_LANGUAGE_STANDARD = gnu11;
				GCC_NO_COMMON_BLOCKS = YES;
				GCC_WARN_64_TO_32_BIT_CONVERSION = YES;
				GCC_WARN_ABOUT_RETURN_TYPE = YES_ERROR;
				GCC_WARN_UNDECLARED_SELECTOR = YES;
				GCC_WARN_UNINITIALIZED_AUTOS = YES_AGGRESSIVE;
				GCC_WARN_UNUSED_FUNCTION = YES;
				GCC_WARN_UNUSED_VARIABLE = YES;
				IPHONEOS_DEPLOYMENT_TARGET = 13.5;
				MTL_ENABLE_DEBUG_INFO = NO;
				MTL_FAST_MATH = YES;
				SDKROOT = iphoneos;
				SWIFT_COMPILATION_MODE = wholemodule;
				SWIFT_OPTIMIZATION_LEVEL = "-O";
				VALIDATE_PRODUCT = YES;
			};
			name = Release;
		};
		A293C9E124C224F400602793 /* Debug */ = {
			isa = XCBuildConfiguration;
			buildSettings = {
				ASSETCATALOG_COMPILER_APPICON_NAME = AppIcon;
				CODE_SIGN_STYLE = Automatic;
				INFOPLIST_FILE = MovieZoo/Info.plist;
				IPHONEOS_DEPLOYMENT_TARGET = 10.0;
				LD_RUNPATH_SEARCH_PATHS = (
					"$(inherited)",
					"@executable_path/Frameworks",
				);
				PRODUCT_BUNDLE_IDENTIFIER = com.meseery.MovieZoo;
				PRODUCT_NAME = "$(TARGET_NAME)";
				SWIFT_VERSION = 5.0;
				TARGETED_DEVICE_FAMILY = 1;
			};
			name = Debug;
		};
		A293C9E224C224F400602793 /* Release */ = {
			isa = XCBuildConfiguration;
			buildSettings = {
				ASSETCATALOG_COMPILER_APPICON_NAME = AppIcon;
				CODE_SIGN_STYLE = Automatic;
				INFOPLIST_FILE = MovieZoo/Info.plist;
				IPHONEOS_DEPLOYMENT_TARGET = 10.0;
				LD_RUNPATH_SEARCH_PATHS = (
					"$(inherited)",
					"@executable_path/Frameworks",
				);
				PRODUCT_BUNDLE_IDENTIFIER = com.meseery.MovieZoo;
				PRODUCT_NAME = "$(TARGET_NAME)";
				SWIFT_VERSION = 5.0;
				TARGETED_DEVICE_FAMILY = 1;
			};
			name = Release;
		};
		A293C9E424C224F400602793 /* Debug */ = {
			isa = XCBuildConfiguration;
			buildSettings = {
				ALWAYS_EMBED_SWIFT_STANDARD_LIBRARIES = YES;
				BUNDLE_LOADER = "$(TEST_HOST)";
				CODE_SIGN_STYLE = Automatic;
				INFOPLIST_FILE = MovieZooTests/Info.plist;
				IPHONEOS_DEPLOYMENT_TARGET = 13.5;
				LD_RUNPATH_SEARCH_PATHS = (
					"$(inherited)",
					"@executable_path/Frameworks",
					"@loader_path/Frameworks",
				);
				PRODUCT_BUNDLE_IDENTIFIER = com.meseery.MovieZooTests;
				PRODUCT_NAME = "$(TARGET_NAME)";
				SWIFT_VERSION = 5.0;
				TARGETED_DEVICE_FAMILY = "1,2";
				TEST_HOST = "$(BUILT_PRODUCTS_DIR)/MovieZoo.app/MovieZoo";
			};
			name = Debug;
		};
		A293C9E524C224F400602793 /* Release */ = {
			isa = XCBuildConfiguration;
			buildSettings = {
				ALWAYS_EMBED_SWIFT_STANDARD_LIBRARIES = YES;
				BUNDLE_LOADER = "$(TEST_HOST)";
				CODE_SIGN_STYLE = Automatic;
				INFOPLIST_FILE = MovieZooTests/Info.plist;
				IPHONEOS_DEPLOYMENT_TARGET = 13.5;
				LD_RUNPATH_SEARCH_PATHS = (
					"$(inherited)",
					"@executable_path/Frameworks",
					"@loader_path/Frameworks",
				);
				PRODUCT_BUNDLE_IDENTIFIER = com.meseery.MovieZooTests;
				PRODUCT_NAME = "$(TARGET_NAME)";
				SWIFT_VERSION = 5.0;
				TARGETED_DEVICE_FAMILY = "1,2";
				TEST_HOST = "$(BUILT_PRODUCTS_DIR)/MovieZoo.app/MovieZoo";
			};
			name = Release;
		};
		A293C9E724C224F400602793 /* Debug */ = {
			isa = XCBuildConfiguration;
			buildSettings = {
				ALWAYS_EMBED_SWIFT_STANDARD_LIBRARIES = YES;
				CODE_SIGN_STYLE = Automatic;
				INFOPLIST_FILE = MovieZooUITests/Info.plist;
				LD_RUNPATH_SEARCH_PATHS = (
					"$(inherited)",
					"@executable_path/Frameworks",
					"@loader_path/Frameworks",
				);
				PRODUCT_BUNDLE_IDENTIFIER = com.meseery.MovieZooUITests;
				PRODUCT_NAME = "$(TARGET_NAME)";
				SWIFT_VERSION = 5.0;
				TARGETED_DEVICE_FAMILY = "1,2";
				TEST_TARGET_NAME = MovieZoo;
			};
			name = Debug;
		};
		A293C9E824C224F400602793 /* Release */ = {
			isa = XCBuildConfiguration;
			buildSettings = {
				ALWAYS_EMBED_SWIFT_STANDARD_LIBRARIES = YES;
				CODE_SIGN_STYLE = Automatic;
				INFOPLIST_FILE = MovieZooUITests/Info.plist;
				LD_RUNPATH_SEARCH_PATHS = (
					"$(inherited)",
					"@executable_path/Frameworks",
					"@loader_path/Frameworks",
				);
				PRODUCT_BUNDLE_IDENTIFIER = com.meseery.MovieZooUITests;
				PRODUCT_NAME = "$(TARGET_NAME)";
				SWIFT_VERSION = 5.0;
				TARGETED_DEVICE_FAMILY = "1,2";
				TEST_TARGET_NAME = MovieZoo;
			};
			name = Release;
		};
/* End XCBuildConfiguration section */

/* Begin XCConfigurationList section */
		A293C9B124C224F300602793 /* Build configuration list for PBXProject "MovieZoo" */ = {
			isa = XCConfigurationList;
			buildConfigurations = (
				A293C9DE24C224F400602793 /* Debug */,
				A293C9DF24C224F400602793 /* Release */,
			);
			defaultConfigurationIsVisible = 0;
			defaultConfigurationName = Release;
		};
		A293C9E024C224F400602793 /* Build configuration list for PBXNativeTarget "MovieZoo" */ = {
			isa = XCConfigurationList;
			buildConfigurations = (
				A293C9E124C224F400602793 /* Debug */,
				A293C9E224C224F400602793 /* Release */,
			);
			defaultConfigurationIsVisible = 0;
			defaultConfigurationName = Release;
		};
		A293C9E324C224F400602793 /* Build configuration list for PBXNativeTarget "MovieZooTests" */ = {
			isa = XCConfigurationList;
			buildConfigurations = (
				A293C9E424C224F400602793 /* Debug */,
				A293C9E524C224F400602793 /* Release */,
			);
			defaultConfigurationIsVisible = 0;
			defaultConfigurationName = Release;
		};
		A293C9E624C224F400602793 /* Build configuration list for PBXNativeTarget "MovieZooUITests" */ = {
			isa = XCConfigurationList;
			buildConfigurations = (
				A293C9E724C224F400602793 /* Debug */,
				A293C9E824C224F400602793 /* Release */,
			);
			defaultConfigurationIsVisible = 0;
			defaultConfigurationName = Release;
		};
/* End XCConfigurationList section */

/* Begin XCRemoteSwiftPackageReference section */
		A25E2C5124CBA6C000636CA0 /* XCRemoteSwiftPackageReference "APILayer" */ = {
			isa = XCRemoteSwiftPackageReference;
			repositoryURL = "https://github.com/Meseery/APILayer.git";
			requirement = {
				kind = upToNextMajorVersion;
				minimumVersion = 0.0.6;
			};
		};
/* End XCRemoteSwiftPackageReference section */

/* Begin XCSwiftPackageProductDependency section */
		A25E2C5224CBA6C000636CA0 /* APILayer */ = {
			isa = XCSwiftPackageProductDependency;
			package = A25E2C5124CBA6C000636CA0 /* XCRemoteSwiftPackageReference "APILayer" */;
			productName = APILayer;
		};
/* End XCSwiftPackageProductDependency section */
	};
	rootObject = A293C9AE24C224F300602793 /* Project object */;
}
